
Microsoft Visual Studio Solution File, Format Version 12.00
# Visual Studio Version 16
VisualStudioVersion = 16.0.32602.291
MinimumVisualStudioVersion = 10.0.40219.1
Project("{888888A0-9F3D-457C-B088-3A5042F75D52}") = "Admlist_searcher", "Admlist_searcher.pyproj", "{AB55C6DB-72D2-4221-B3E3-AF06A5055C53}"
EndProject
Global
	GlobalSection(SolutionConfigurationPlatforms) = preSolution
		Debug|Any CPU = Debug|Any CPU
		Release|Any CPU = Release|Any CPU
	EndGlobalSection
	GlobalSection(ProjectConfigurationPlatforms) = postSolution
		{AB55C6DB-72D2-4221-B3E3-AF06A5055C53}.Debug|Any CPU.ActiveCfg = Debug|Any CPU
		{AB55C6DB-72D2-4221-B3E3-AF06A5055C53}.Release|Any CPU.ActiveCfg = Release|Any CPU
	EndGlobalSection
	GlobalSection(SolutionProperties) = preSolution
		HideSolutionNode = FALSE
	EndGlobalSection
	GlobalSection(ExtensibilityGlobals) = postSolution
		SolutionGuid = {F0A78DCA-5118-43E1-BB7D-ACF8D9657A7C}
	EndGlobalSection
EndGlobal
